<?xml version="1.0" encoding="utf-8"?>
<Project ToolsVersion="4.0" xmlns="http://schemas.microsoft.com/developer/msbuild/2003">
  <ItemGroup>
    <Filter Include="Исходные файлы">
      <UniqueIdentifier>{4FC737F1-C7A5-4376-A066-2A32D752A2FF}</UniqueIdentifier>
      <Extensions>cpp;c;cc;cxx;def;odl;idl;hpj;bat;asm;asmx</Extensions>
    </Filter>
    <Filter Include="Файлы заголовков">
      <UniqueIdentifier>{93995380-89BD-4b04-88EB-625FBE52EBFB}</UniqueIdentifier>
      <Extensions>h;hh;hpp;hxx;hm;inl;inc;ipp;xsd</Extensions>
    </Filter>
    <Filter Include="Файлы ресурсов">
      <UniqueIdentifier>{67DA6AB6-F800-4c08-8B7A-83BB121AAD01}</UniqueIdentifier>
      <Extensions>rc;ico;cur;bmp;dlg;rc2;rct;bin;rgs;gif;jpg;jpeg;jpe;resx;tiff;tif;png;wav;mfcribbon-ms</Extensions>
    </Filter>
    <Filter Include="Файлы заголовков\Components">
      <UniqueIdentifier>{815c2842-24ee-45df-88aa-742c13991d25}</UniqueIdentifier>
    </Filter>
    <Filter Include="Исходные файлы\Game">
      <UniqueIdentifier>{d0ad4973-361c-4445-8ee5-456107c3e1bf}</UniqueIdentifier>
    </Filter>
    <Filter Include="Файлы заголовков\Core">
      <UniqueIdentifier>{a81678e4-3ee9-4cce-adf8-d145b2af8e85}</UniqueIdentifier>
    </Filter>
    <Filter Include="Файлы заголовков\CoreCode">
      <UniqueIdentifier>{4f1a87d6-fdca-4de7-8f1b-d381714c7dfd}</UniqueIdentifier>
    </Filter>
    <Filter Include="Исходные файлы\CoreCode">
      <UniqueIdentifier>{1d5e86ba-8ef3-4430-b23f-0bbdca178176}</UniqueIdentifier>
    </Filter>
    <Filter Include="Исходные файлы\Objects">
      <UniqueIdentifier>{de3a5059-b333-4ce8-a191-b84deeae1a6a}</UniqueIdentifier>
    </Filter>
    <Filter Include="Исходные файлы\inih">
      <UniqueIdentifier>{49d82c2e-0d8f-4eb2-86a8-c93e34f1a85d}</UniqueIdentifier>
    </Filter>
    <Filter Include="Файлы заголовков\inih">
      <UniqueIdentifier>{c5d800cc-02f4-4ac1-b3cf-0bb385f9630b}</UniqueIdentifier>
    </Filter>
    <Filter Include="Исходные файлы\Frames">
      <UniqueIdentifier>{b8f598dc-ff59-4aa0-90ad-58c2a8b2ac50}</UniqueIdentifier>
    </Filter>
    <Filter Include="Исходные файлы\Game\res_load">
      <UniqueIdentifier>{38b92d98-8839-4865-94a6-9f4f263d8f75}</UniqueIdentifier>
    </Filter>
  </ItemGroup>
  <ItemGroup>
    <ClCompile Include="Launcher.cpp">
      <Filter>Исходные файлы</Filter>
    </ClCompile>
    <ClCompile Include="Engine.cpp">
      <Filter>Исходные файлы</Filter>
    </ClCompile>
    <ClCompile Include="Game.cpp">
      <Filter>Исходные файлы\Game</Filter>
    </ClCompile>
    <ClCompile Include="render.cpp">
      <Filter>Исходные файлы\Game</Filter>
    </ClCompile>
    <ClCompile Include="EngineLoop.cpp">
      <Filter>Исходные файлы\CoreCode</Filter>
    </ClCompile>
    <ClCompile Include="Frame.cpp">
      <Filter>Исходные файлы\Game</Filter>
    </ClCompile>
    <ClCompile Include="World.cpp">
      <Filter>Исходные файлы\Objects</Filter>
    </ClCompile>
    <ClCompile Include="Scene.cpp">
      <Filter>Исходные файлы\Objects</Filter>
    </ClCompile>
    <ClCompile Include="ConteinerReader.cpp">
      <Filter>Исходные файлы\CoreCode</Filter>
    </ClCompile>
    <ClCompile Include="Window.cpp">
      <Filter>Исходные файлы\CoreCode</Filter>
    </ClCompile>
    <ClCompile Include="INI\ini.c">
      <Filter>Исходные файлы\inih</Filter>
    </ClCompile>
    <ClCompile Include="INI\INIReader.cpp">
      <Filter>Исходные файлы\inih</Filter>
    </ClCompile>
    <ClCompile Include="GameFrame.cpp">
      <Filter>Исходные файлы\Frames</Filter>
    </ClCompile>
    <ClCompile Include="ExitFrame.cpp">
      <Filter>Исходные файлы\Frames</Filter>
    </ClCompile>
    <ClCompile Include="MainMenuFrame.cpp">
      <Filter>Исходные файлы\Frames</Filter>
    </ClCompile>
    <ClCompile Include="LoadingFrame.cpp">
      <Filter>Исходные файлы\Frames</Filter>
    </ClCompile>
    <ClCompile Include="Res_Sc_Load.cpp">
      <Filter>Исходные файлы\Game\res_load</Filter>
    </ClCompile>
  </ItemGroup>
  <ItemGroup>
    <ClInclude Include="Engine.h">
      <Filter>Файлы заголовков</Filter>
    </ClInclude>
    <ClInclude Include="World.h">
      <Filter>Файлы заголовков\Components</Filter>
    </ClInclude>
    <ClInclude Include="Player.h">
      <Filter>Файлы заголовков\Components</Filter>
    </ClInclude>
    <ClInclude Include="Scenario.h">
      <Filter>Файлы заголовков\Components</Filter>
    </ClInclude>
    <ClInclude Include="UserInterface.h">
      <Filter>Файлы заголовков\Components</Filter>
    </ClInclude>
    <ClInclude Include="Scripts.h">
      <Filter>Файлы заголовков\Components</Filter>
    </ClInclude>
    <ClInclude Include="Module.h">
      <Filter>Файлы заголовков\Core</Filter>
    </ClInclude>
    <ClInclude Include="Modules.h">
      <Filter>Файлы заголовков\Core</Filter>
    </ClInclude>
    <ClInclude Include="Object.h">
      <Filter>Файлы заголовков\Core</Filter>
    </ClInclude>
    <ClInclude Include="Objects.h">
      <Filter>Файлы заголовков\Core</Filter>
    </ClInclude>
    <ClInclude Include="Core.h">
      <Filter>Файлы заголовков\Core</Filter>
    </ClInclude>
    <ClInclude Include="Vector2.h">
      <Filter>Файлы заголовков\CoreCode</Filter>
    </ClInclude>
    <ClInclude Include="Returns.h">
      <Filter>Файлы заголовков\CoreCode</Filter>
    </ClInclude>
    <ClInclude Include="ConteinerReader.h">
      <Filter>Файлы заголовков\CoreCode</Filter>
    </ClInclude>
    <ClInclude Include="VarTrash.h">
      <Filter>Файлы заголовков\Core</Filter>
    </ClInclude>
    <ClInclude Include="Matrix.h">
      <Filter>Файлы заголовков\CoreCode</Filter>
    </ClInclude>
    <ClInclude Include="INI\ini.h">
      <Filter>Файлы заголовков\inih</Filter>
    </ClInclude>
    <ClInclude Include="INI\INIReader.h">
      <Filter>Файлы заголовков\inih</Filter>
    </ClInclude>
  </ItemGroup>
</Project>